{
  "version": 4,
  "terraform_version": "1.1.5",
  "serial": 165,
  "lineage": "ba64d9b9-375c-596d-d3c9-4b9c35851494",
  "outputs": {
    "elb_dns": {
      "value": "example-webapp-lb-1831647542.us-east-2.elb.amazonaws.com",
      "type": "string"
    }
  },
  "resources": [
    {
      "mode": "managed",
      "type": "aws_autoscaling_group",
      "name": "webapp_asg",
      "provider": "provider[\"registry.terraform.io/hashicorp/aws\"]",
      "instances": [
        {
          "index_key": "us-east-2a",
          "schema_version": 0,
          "attributes": {
            "arn": "arn:aws:autoscaling:us-east-2:299953772130:autoScalingGroup:4ab7c7ba-b5f6-4dcf-9730-d0f27b3f36be:autoScalingGroupName/terraform-20220219230059454400000005",
            "availability_zones": [
              "us-east-2a"
            ],
            "capacity_rebalance": false,
            "default_cooldown": 300,
            "desired_capacity": 1,
            "enabled_metrics": [],
            "force_delete": false,
            "force_delete_warm_pool": false,
            "health_check_grace_period": 300,
            "health_check_type": "EC2",
            "id": "terraform-20220219230059454400000005",
            "initial_lifecycle_hook": [],
            "instance_refresh": [],
            "launch_configuration": "",
            "launch_template": [
              {
                "id": "lt-0e6e80f23a03731af",
                "name": "example-webapp-launch_template-us-east-2a",
                "version": "$Latest"
              }
            ],
            "load_balancers": [],
            "max_instance_lifetime": 0,
            "max_size": 1,
            "metrics_granularity": "1Minute",
            "min_elb_capacity": null,
            "min_size": 1,
            "mixed_instances_policy": [],
            "name": "terraform-20220219230059454400000005",
            "name_prefix": "terraform-",
            "placement_group": "",
            "protect_from_scale_in": false,
            "service_linked_role_arn": "arn:aws:iam::299953772130:role/aws-service-role/autoscaling.amazonaws.com/AWSServiceRoleForAutoScaling",
            "suspended_processes": [],
            "tag": [],
            "tags": null,
            "target_group_arns": [
              "arn:aws:elasticloadbalancing:us-east-2:299953772130:targetgroup/example-webapp-lb-tg/c3ff029ec61878b7"
            ],
            "termination_policies": [],
            "timeouts": null,
            "vpc_zone_identifier": [
              "subnet-06a23b9c70a2dbb1f"
            ],
            "wait_for_capacity_timeout": "10m",
            "wait_for_elb_capacity": null,
            "warm_pool": []
          },
          "sensitive_attributes": [],
          "private": "eyJlMmJmYjczMC1lY2FhLTExZTYtOGY4OC0zNDM2M2JjN2M0YzAiOnsiZGVsZXRlIjo2MDAwMDAwMDAwMDB9fQ==",
          "dependencies": [
            "aws_launch_template.web_app_launch_template",
            "aws_lb_target_group.webapp_tg",
            "aws_security_group.application_server_security_group",
            "aws_security_group.elb_security_group",
            "module.network.aws_subnet.public_subnets",
            "module.network.aws_vpc.web_app_vpc"
          ]
        },
        {
          "index_key": "us-east-2b",
          "schema_version": 0,
          "attributes": {
            "arn": "arn:aws:autoscaling:us-east-2:299953772130:autoScalingGroup:09e1595d-08e9-46c0-bae0-1e8331c5f77c:autoScalingGroupName/terraform-20220219230059454400000004",
            "availability_zones": [
              "us-east-2b"
            ],
            "capacity_rebalance": false,
            "default_cooldown": 300,
            "desired_capacity": 1,
            "enabled_metrics": [],
            "force_delete": false,
            "force_delete_warm_pool": false,
            "health_check_grace_period": 300,
            "health_check_type": "EC2",
            "id": "terraform-20220219230059454400000004",
            "initial_lifecycle_hook": [],
            "instance_refresh": [],
            "launch_configuration": "",
            "launch_template": [
              {
                "id": "lt-0ec9c7eceba234ec1",
                "name": "example-webapp-launch_template-us-east-2b",
                "version": "$Latest"
              }
            ],
            "load_balancers": [],
            "max_instance_lifetime": 0,
            "max_size": 1,
            "metrics_granularity": "1Minute",
            "min_elb_capacity": null,
            "min_size": 1,
            "mixed_instances_policy": [],
            "name": "terraform-20220219230059454400000004",
            "name_prefix": "terraform-",
            "placement_group": "",
            "protect_from_scale_in": false,
            "service_linked_role_arn": "arn:aws:iam::299953772130:role/aws-service-role/autoscaling.amazonaws.com/AWSServiceRoleForAutoScaling",
            "suspended_processes": [],
            "tag": [],
            "tags": null,
            "target_group_arns": [
              "arn:aws:elasticloadbalancing:us-east-2:299953772130:targetgroup/example-webapp-lb-tg/c3ff029ec61878b7"
            ],
            "termination_policies": [],
            "timeouts": null,
            "vpc_zone_identifier": [
              "subnet-04f4f20674dc081cd"
            ],
            "wait_for_capacity_timeout": "10m",
            "wait_for_elb_capacity": null,
            "warm_pool": []
          },
          "sensitive_attributes": [],
          "private": "eyJlMmJmYjczMC1lY2FhLTExZTYtOGY4OC0zNDM2M2JjN2M0YzAiOnsiZGVsZXRlIjo2MDAwMDAwMDAwMDB9fQ==",
          "dependencies": [
            "aws_launch_template.web_app_launch_template",
            "aws_lb_target_group.webapp_tg",
            "aws_security_group.application_server_security_group",
            "aws_security_group.elb_security_group",
            "module.network.aws_subnet.public_subnets",
            "module.network.aws_vpc.web_app_vpc"
          ]
        },
        {
          "index_key": "us-east-2c",
          "schema_version": 0,
          "attributes": {
            "arn": "arn:aws:autoscaling:us-east-2:299953772130:autoScalingGroup:c2258a41-981c-42b3-a507-11a59cdf92e0:autoScalingGroupName/terraform-20220219230059454400000006",
            "availability_zones": [
              "us-east-2c"
            ],
            "capacity_rebalance": false,
            "default_cooldown": 300,
            "desired_capacity": 1,
            "enabled_metrics": [],
            "force_delete": false,
            "force_delete_warm_pool": false,
            "health_check_grace_period": 300,
            "health_check_type": "EC2",
            "id": "terraform-20220219230059454400000006",
            "initial_lifecycle_hook": [],
            "instance_refresh": [],
            "launch_configuration": "",
            "launch_template": [
              {
                "id": "lt-00b940ee58d151da3",
                "name": "example-webapp-launch_template-us-east-2c",
                "version": "$Latest"
              }
            ],
            "load_balancers": [],
            "max_instance_lifetime": 0,
            "max_size": 1,
            "metrics_granularity": "1Minute",
            "min_elb_capacity": null,
            "min_size": 1,
            "mixed_instances_policy": [],
            "name": "terraform-20220219230059454400000006",
            "name_prefix": "terraform-",
            "placement_group": "",
            "protect_from_scale_in": false,
            "service_linked_role_arn": "arn:aws:iam::299953772130:role/aws-service-role/autoscaling.amazonaws.com/AWSServiceRoleForAutoScaling",
            "suspended_processes": [],
            "tag": [],
            "tags": null,
            "target_group_arns": [
              "arn:aws:elasticloadbalancing:us-east-2:299953772130:targetgroup/example-webapp-lb-tg/c3ff029ec61878b7"
            ],
            "termination_policies": [],
            "timeouts": null,
            "vpc_zone_identifier": [
              "subnet-08611ebffe3ca3eb3"
            ],
            "wait_for_capacity_timeout": "10m",
            "wait_for_elb_capacity": null,
            "warm_pool": []
          },
          "sensitive_attributes": [],
          "private": "eyJlMmJmYjczMC1lY2FhLTExZTYtOGY4OC0zNDM2M2JjN2M0YzAiOnsiZGVsZXRlIjo2MDAwMDAwMDAwMDB9fQ==",
          "dependencies": [
            "aws_launch_template.web_app_launch_template",
            "aws_lb_target_group.webapp_tg",
            "aws_security_group.application_server_security_group",
            "aws_security_group.elb_security_group",
            "module.network.aws_subnet.public_subnets",
            "module.network.aws_vpc.web_app_vpc"
          ]
        }
      ]
    },
    {
      "mode": "managed",
      "type": "aws_launch_template",
      "name": "web_app_launch_template",
      "provider": "provider[\"registry.terraform.io/hashicorp/aws\"]",
      "instances": [
        {
          "index_key": "us-east-2a",
          "schema_version": 0,
          "attributes": {
            "arn": "arn:aws:ec2:us-east-2:299953772130:launch-template/lt-0e6e80f23a03731af",
            "block_device_mappings": [],
            "capacity_reservation_specification": [],
            "cpu_options": [],
            "credit_specification": [],
            "default_version": 1,
            "description": "",
            "disable_api_termination": false,
            "ebs_optimized": "",
            "elastic_gpu_specifications": [],
            "elastic_inference_accelerator": [],
            "enclave_options": [],
            "hibernation_options": [],
            "iam_instance_profile": [],
            "id": "lt-0e6e80f23a03731af",
            "image_id": "ami-0fb653ca2d3203ac1",
            "instance_initiated_shutdown_behavior": "",
            "instance_market_options": [],
            "instance_type": "t2.micro",
            "kernel_id": "",
            "key_name": "",
            "latest_version": 1,
            "license_specification": [],
            "metadata_options": [],
            "monitoring": [],
            "name": "example-webapp-launch_template-us-east-2a",
            "name_prefix": "",
            "network_interfaces": [
              {
                "associate_carrier_ip_address": "",
                "associate_public_ip_address": "",
                "delete_on_termination": "",
                "description": "",
                "device_index": 0,
                "interface_type": "",
                "ipv4_address_count": 0,
                "ipv4_addresses": [],
                "ipv6_address_count": 0,
                "ipv6_addresses": [],
                "network_card_index": 0,
                "network_interface_id": "",
                "private_ip_address": "",
                "security_groups": [
                  "sg-03da20518dc6305d1"
                ],
                "subnet_id": "subnet-06a23b9c70a2dbb1f"
              }
            ],
            "placement": [],
            "ram_disk_id": "",
            "security_group_names": [],
            "tag_specifications": [],
            "tags": {
              "availability_zone": "us-east-2a"
            },
            "tags_all": {
              "availability_zone": "us-east-2a"
            },
            "update_default_version": null,
            "user_data": "IyEgL2Jpbi9iYXNoCm1rZGlyIHdlYmFwcCAmJiBjZCB3ZWJhcHAKdG91Y2ggaW5kZXguaHRtbCAmJiBlY2hvICI8aDE+SGVsbG8gV29ybGQhPC9oMT4iID4gaW5kZXguaHRtbApweXRob24zIC1tIGh0dHAuc2VydmVy",
            "vpc_security_group_ids": []
          },
          "sensitive_attributes": [],
          "private": "bnVsbA==",
          "dependencies": [
            "aws_security_group.application_server_security_group",
            "aws_security_group.elb_security_group",
            "module.network.aws_subnet.public_subnets",
            "module.network.aws_vpc.web_app_vpc"
          ]
        },
        {
          "index_key": "us-east-2b",
          "schema_version": 0,
          "attributes": {
            "arn": "arn:aws:ec2:us-east-2:299953772130:launch-template/lt-0ec9c7eceba234ec1",
            "block_device_mappings": [],
            "capacity_reservation_specification": [],
            "cpu_options": [],
            "credit_specification": [],
            "default_version": 1,
            "description": "",
            "disable_api_termination": false,
            "ebs_optimized": "",
            "elastic_gpu_specifications": [],
            "elastic_inference_accelerator": [],
            "enclave_options": [],
            "hibernation_options": [],
            "iam_instance_profile": [],
            "id": "lt-0ec9c7eceba234ec1",
            "image_id": "ami-0fb653ca2d3203ac1",
            "instance_initiated_shutdown_behavior": "",
            "instance_market_options": [],
            "instance_type": "t2.micro",
            "kernel_id": "",
            "key_name": "",
            "latest_version": 1,
            "license_specification": [],
            "metadata_options": [],
            "monitoring": [],
            "name": "example-webapp-launch_template-us-east-2b",
            "name_prefix": "",
            "network_interfaces": [
              {
                "associate_carrier_ip_address": "",
                "associate_public_ip_address": "",
                "delete_on_termination": "",
                "description": "",
                "device_index": 0,
                "interface_type": "",
                "ipv4_address_count": 0,
                "ipv4_addresses": [],
                "ipv6_address_count": 0,
                "ipv6_addresses": [],
                "network_card_index": 0,
                "network_interface_id": "",
                "private_ip_address": "",
                "security_groups": [
                  "sg-03da20518dc6305d1"
                ],
                "subnet_id": "subnet-04f4f20674dc081cd"
              }
            ],
            "placement": [],
            "ram_disk_id": "",
            "security_group_names": [],
            "tag_specifications": [],
            "tags": {
              "availability_zone": "us-east-2b"
            },
            "tags_all": {
              "availability_zone": "us-east-2b"
            },
            "update_default_version": null,
            "user_data": "IyEgL2Jpbi9iYXNoCm1rZGlyIHdlYmFwcCAmJiBjZCB3ZWJhcHAKdG91Y2ggaW5kZXguaHRtbCAmJiBlY2hvICI8aDE+SGVsbG8gV29ybGQhPC9oMT4iID4gaW5kZXguaHRtbApweXRob24zIC1tIGh0dHAuc2VydmVy",
            "vpc_security_group_ids": []
          },
          "sensitive_attributes": [],
          "private": "bnVsbA==",
          "dependencies": [
            "aws_security_group.application_server_security_group",
            "aws_security_group.elb_security_group",
            "module.network.aws_subnet.public_subnets",
            "module.network.aws_vpc.web_app_vpc"
          ]
        },
        {
          "index_key": "us-east-2c",
          "schema_version": 0,
          "attributes": {
            "arn": "arn:aws:ec2:us-east-2:299953772130:launch-template/lt-00b940ee58d151da3",
            "block_device_mappings": [],
            "capacity_reservation_specification": [],
            "cpu_options": [],
            "credit_specification": [],
            "default_version": 1,
            "description": "",
            "disable_api_termination": false,
            "ebs_optimized": "",
            "elastic_gpu_specifications": [],
            "elastic_inference_accelerator": [],
            "enclave_options": [],
            "hibernation_options": [],
            "iam_instance_profile": [],
            "id": "lt-00b940ee58d151da3",
            "image_id": "ami-0fb653ca2d3203ac1",
            "instance_initiated_shutdown_behavior": "",
            "instance_market_options": [],
            "instance_type": "t2.micro",
            "kernel_id": "",
            "key_name": "",
            "latest_version": 1,
            "license_specification": [],
            "metadata_options": [],
            "monitoring": [],
            "name": "example-webapp-launch_template-us-east-2c",
            "name_prefix": "",
            "network_interfaces": [
              {
                "associate_carrier_ip_address": "",
                "associate_public_ip_address": "",
                "delete_on_termination": "",
                "description": "",
                "device_index": 0,
                "interface_type": "",
                "ipv4_address_count": 0,
                "ipv4_addresses": [],
                "ipv6_address_count": 0,
                "ipv6_addresses": [],
                "network_card_index": 0,
                "network_interface_id": "",
                "private_ip_address": "",
                "security_groups": [
                  "sg-03da20518dc6305d1"
                ],
                "subnet_id": "subnet-08611ebffe3ca3eb3"
              }
            ],
            "placement": [],
            "ram_disk_id": "",
            "security_group_names": [],
            "tag_specifications": [],
            "tags": {
              "availability_zone": "us-east-2c"
            },
            "tags_all": {
              "availability_zone": "us-east-2c"
            },
            "update_default_version": null,
            "user_data": "IyEgL2Jpbi9iYXNoCm1rZGlyIHdlYmFwcCAmJiBjZCB3ZWJhcHAKdG91Y2ggaW5kZXguaHRtbCAmJiBlY2hvICI8aDE+SGVsbG8gV29ybGQhPC9oMT4iID4gaW5kZXguaHRtbApweXRob24zIC1tIGh0dHAuc2VydmVy",
            "vpc_security_group_ids": []
          },
          "sensitive_attributes": [],
          "private": "bnVsbA==",
          "dependencies": [
            "aws_security_group.application_server_security_group",
            "aws_security_group.elb_security_group",
            "module.network.aws_subnet.public_subnets",
            "module.network.aws_vpc.web_app_vpc"
          ]
        }
      ]
    },
    {
      "mode": "managed",
      "type": "aws_lb",
      "name": "webapp_alb",
      "provider": "provider[\"registry.terraform.io/hashicorp/aws\"]",
      "instances": [
        {
          "schema_version": 0,
          "attributes": {
            "access_logs": [
              {
                "bucket": "",
                "enabled": false,
                "prefix": ""
              }
            ],
            "arn": "arn:aws:elasticloadbalancing:us-east-2:299953772130:loadbalancer/app/example-webapp-lb/0a6c8f5193743164",
            "arn_suffix": "app/example-webapp-lb/0a6c8f5193743164",
            "customer_owned_ipv4_pool": "",
            "desync_mitigation_mode": "defensive",
            "dns_name": "example-webapp-lb-1831647542.us-east-2.elb.amazonaws.com",
            "drop_invalid_header_fields": false,
            "enable_cross_zone_load_balancing": null,
            "enable_deletion_protection": false,
            "enable_http2": true,
            "enable_waf_fail_open": false,
            "id": "arn:aws:elasticloadbalancing:us-east-2:299953772130:loadbalancer/app/example-webapp-lb/0a6c8f5193743164",
            "idle_timeout": 60,
            "internal": false,
            "ip_address_type": "ipv4",
            "load_balancer_type": "application",
            "name": "example-webapp-lb",
            "name_prefix": null,
            "security_groups": [
              "sg-06a32cb3951af0e13"
            ],
            "subnet_mapping": [
              {
                "allocation_id": "",
                "ipv6_address": "",
                "outpost_id": "",
                "private_ipv4_address": "",
                "subnet_id": "subnet-04f4f20674dc081cd"
              },
              {
                "allocation_id": "",
                "ipv6_address": "",
                "outpost_id": "",
                "private_ipv4_address": "",
                "subnet_id": "subnet-06a23b9c70a2dbb1f"
              },
              {
                "allocation_id": "",
                "ipv6_address": "",
                "outpost_id": "",
                "private_ipv4_address": "",
                "subnet_id": "subnet-08611ebffe3ca3eb3"
              }
            ],
            "subnets": [
              "subnet-04f4f20674dc081cd",
              "subnet-06a23b9c70a2dbb1f",
              "subnet-08611ebffe3ca3eb3"
            ],
            "tags": {
              "Environment": "example-webapp"
            },
            "tags_all": {
              "Environment": "example-webapp"
            },
            "timeouts": null,
            "vpc_id": "vpc-07426dd324950c008",
            "zone_id": "Z3AADJGX6KTTL2"
          },
          "sensitive_attributes": [],
          "private": "eyJlMmJmYjczMC1lY2FhLTExZTYtOGY4OC0zNDM2M2JjN2M0YzAiOnsiY3JlYXRlIjo2MDAwMDAwMDAwMDAsImRlbGV0ZSI6NjAwMDAwMDAwMDAwLCJ1cGRhdGUiOjYwMDAwMDAwMDAwMH19",
          "dependencies": [
            "aws_security_group.elb_security_group",
            "module.network.aws_subnet.public_subnets",
            "module.network.aws_vpc.web_app_vpc"
          ]
        }
      ]
    },
    {
      "mode": "managed",
      "type": "aws_lb_listener",
      "name": "front_end",
      "provider": "provider[\"registry.terraform.io/hashicorp/aws\"]",
      "instances": [
        {
          "schema_version": 0,
          "attributes": {
            "alpn_policy": null,
            "arn": "arn:aws:elasticloadbalancing:us-east-2:299953772130:listener/app/example-webapp-lb/0a6c8f5193743164/7baf49fdbf320410",
            "certificate_arn": null,
            "default_action": [
              {
                "authenticate_cognito": [],
                "authenticate_oidc": [],
                "fixed_response": [],
                "forward": [],
                "order": 1,
                "redirect": [],
                "target_group_arn": "arn:aws:elasticloadbalancing:us-east-2:299953772130:targetgroup/example-webapp-lb-tg/c3ff029ec61878b7",
                "type": "forward"
              }
            ],
            "id": "arn:aws:elasticloadbalancing:us-east-2:299953772130:listener/app/example-webapp-lb/0a6c8f5193743164/7baf49fdbf320410",
            "load_balancer_arn": "arn:aws:elasticloadbalancing:us-east-2:299953772130:loadbalancer/app/example-webapp-lb/0a6c8f5193743164",
            "port": 80,
            "protocol": "HTTP",
            "ssl_policy": "",
            "tags": {},
            "tags_all": {},
            "timeouts": null
          },
          "sensitive_attributes": [],
          "private": "eyJlMmJmYjczMC1lY2FhLTExZTYtOGY4OC0zNDM2M2JjN2M0YzAiOnsicmVhZCI6NjAwMDAwMDAwMDAwfX0=",
          "dependencies": [
            "aws_lb.webapp_alb",
            "aws_lb_target_group.webapp_tg",
            "aws_security_group.elb_security_group",
            "module.network.aws_subnet.public_subnets",
            "module.network.aws_vpc.web_app_vpc"
          ]
        }
      ]
    },
    {
      "mode": "managed",
      "type": "aws_lb_target_group",
      "name": "webapp_tg",
      "provider": "provider[\"registry.terraform.io/hashicorp/aws\"]",
      "instances": [
        {
          "schema_version": 0,
          "attributes": {
            "arn": "arn:aws:elasticloadbalancing:us-east-2:299953772130:targetgroup/example-webapp-lb-tg/c3ff029ec61878b7",
            "arn_suffix": "targetgroup/example-webapp-lb-tg/c3ff029ec61878b7",
            "connection_termination": false,
            "deregistration_delay": "300",
            "health_check": [
              {
                "enabled": true,
                "healthy_threshold": 5,
                "interval": 30,
                "matcher": "200",
                "path": "/",
                "port": "traffic-port",
                "protocol": "HTTP",
                "timeout": 5,
                "unhealthy_threshold": 2
              }
            ],
            "id": "arn:aws:elasticloadbalancing:us-east-2:299953772130:targetgroup/example-webapp-lb-tg/c3ff029ec61878b7",
            "lambda_multi_value_headers_enabled": false,
            "load_balancing_algorithm_type": "round_robin",
            "name": "example-webapp-lb-tg",
            "name_prefix": null,
            "port": 8000,
            "preserve_client_ip": null,
            "protocol": "HTTP",
            "protocol_version": "HTTP1",
            "proxy_protocol_v2": false,
            "slow_start": 0,
            "stickiness": [
              {
                "cookie_duration": 86400,
                "cookie_name": "",
                "enabled": false,
                "type": "lb_cookie"
              }
            ],
            "tags": {},
            "tags_all": {},
            "target_type": "instance",
            "vpc_id": "vpc-07426dd324950c008"
          },
          "sensitive_attributes": [],
          "private": "bnVsbA==",
          "dependencies": [
            "module.network.aws_vpc.web_app_vpc"
          ]
        }
      ]
    },
    {
      "mode": "managed",
      "type": "aws_security_group",
      "name": "application_server_security_group",
      "provider": "provider[\"registry.terraform.io/hashicorp/aws\"]",
      "instances": [
        {
          "schema_version": 1,
          "attributes": {
            "arn": "arn:aws:ec2:us-east-2:299953772130:security-group/sg-03da20518dc6305d1",
            "description": "Manage traffic to app servers",
            "egress": [
              {
                "cidr_blocks": [
                  "0.0.0.0/0"
                ],
                "description": "",
                "from_port": 0,
                "ipv6_cidr_blocks": [],
                "prefix_list_ids": [],
                "protocol": "-1",
                "security_groups": [],
                "self": false,
                "to_port": 0
              }
            ],
            "id": "sg-03da20518dc6305d1",
            "ingress": [
              {
                "cidr_blocks": [],
                "description": "allow-http-8000",
                "from_port": 8000,
                "ipv6_cidr_blocks": [],
                "prefix_list_ids": [],
                "protocol": "tcp",
                "security_groups": [
                  "sg-06a32cb3951af0e13"
                ],
                "self": false,
                "to_port": 8000
              }
            ],
            "name": "WebApp-Server-Security-Group",
            "name_prefix": "",
            "owner_id": "299953772130",
            "revoke_rules_on_delete": false,
            "tags": {
              "Environment": "web_app"
            },
            "tags_all": {
              "Environment": "web_app"
            },
            "timeouts": null,
            "vpc_id": "vpc-07426dd324950c008"
          },
          "sensitive_attributes": [],
          "private": "eyJlMmJmYjczMC1lY2FhLTExZTYtOGY4OC0zNDM2M2JjN2M0YzAiOnsiY3JlYXRlIjo2MDAwMDAwMDAwMDAsImRlbGV0ZSI6OTAwMDAwMDAwMDAwfSwic2NoZW1hX3ZlcnNpb24iOiIxIn0=",
          "dependencies": [
            "aws_security_group.elb_security_group",
            "module.network.aws_vpc.web_app_vpc"
          ]
        }
      ]
    },
    {
      "mode": "managed",
      "type": "aws_security_group",
      "name": "elb_security_group",
      "provider": "provider[\"registry.terraform.io/hashicorp/aws\"]",
      "instances": [
        {
          "schema_version": 1,
          "attributes": {
            "arn": "arn:aws:ec2:us-east-2:299953772130:security-group/sg-06a32cb3951af0e13",
            "description": "Manage ELB Traffic",
            "egress": [
              {
                "cidr_blocks": [
                  "0.0.0.0/0"
                ],
                "description": "",
                "from_port": 0,
                "ipv6_cidr_blocks": [],
                "prefix_list_ids": [],
                "protocol": "-1",
                "security_groups": [],
                "self": false,
                "to_port": 0
              }
            ],
            "id": "sg-06a32cb3951af0e13",
            "ingress": [
              {
                "cidr_blocks": [
                  "0.0.0.0/0"
                ],
                "description": "allow-http",
                "from_port": 80,
                "ipv6_cidr_blocks": [],
                "prefix_list_ids": [],
                "protocol": "tcp",
                "security_groups": [],
                "self": false,
                "to_port": 80
              }
            ],
            "name": "ELB-Security-Group",
            "name_prefix": "",
            "owner_id": "299953772130",
            "revoke_rules_on_delete": false,
            "tags": {
              "Environment": "web_app"
            },
            "tags_all": {
              "Environment": "web_app"
            },
            "timeouts": null,
            "vpc_id": "vpc-07426dd324950c008"
          },
          "sensitive_attributes": [],
          "private": "eyJlMmJmYjczMC1lY2FhLTExZTYtOGY4OC0zNDM2M2JjN2M0YzAiOnsiY3JlYXRlIjo2MDAwMDAwMDAwMDAsImRlbGV0ZSI6OTAwMDAwMDAwMDAwfSwic2NoZW1hX3ZlcnNpb24iOiIxIn0=",
          "dependencies": [
            "module.network.aws_vpc.web_app_vpc"
          ]
        }
      ]
    },
    {
      "module": "module.network",
      "mode": "managed",
      "type": "aws_internet_gateway",
      "name": "gw",
      "provider": "provider[\"registry.terraform.io/hashicorp/aws\"]",
      "instances": [
        {
          "schema_version": 0,
          "attributes": {
            "arn": "arn:aws:ec2:us-east-2:299953772130:internet-gateway/igw-0c1207c784f7079aa",
            "id": "igw-0c1207c784f7079aa",
            "owner_id": "299953772130",
            "tags": {
              "Environment": "example-webapp"
            },
            "tags_all": {
              "Environment": "example-webapp"
            },
            "vpc_id": "vpc-07426dd324950c008"
          },
          "sensitive_attributes": [],
          "private": "bnVsbA==",
          "dependencies": [
            "module.network.aws_vpc.web_app_vpc"
          ]
        }
      ]
    },
    {
      "module": "module.network",
      "mode": "managed",
      "type": "aws_route_table",
      "name": "public_route_table",
      "provider": "provider[\"registry.terraform.io/hashicorp/aws\"]",
      "instances": [
        {
          "schema_version": 0,
          "attributes": {
            "arn": "arn:aws:ec2:us-east-2:299953772130:route-table/rtb-0a3d4d45a00ef3fb6",
            "id": "rtb-0a3d4d45a00ef3fb6",
            "owner_id": "299953772130",
            "propagating_vgws": [],
            "route": [
              {
                "carrier_gateway_id": "",
                "cidr_block": "0.0.0.0/0",
                "destination_prefix_list_id": "",
                "egress_only_gateway_id": "",
                "gateway_id": "igw-0c1207c784f7079aa",
                "instance_id": "",
                "ipv6_cidr_block": "",
                "local_gateway_id": "",
                "nat_gateway_id": "",
                "network_interface_id": "",
                "transit_gateway_id": "",
                "vpc_endpoint_id": "",
                "vpc_peering_connection_id": ""
              }
            ],
            "tags": {
              "Environment": "example-webapp"
            },
            "tags_all": {
              "Environment": "example-webapp"
            },
            "timeouts": null,
            "vpc_id": "vpc-07426dd324950c008"
          },
          "sensitive_attributes": [],
          "private": "eyJlMmJmYjczMC1lY2FhLTExZTYtOGY4OC0zNDM2M2JjN2M0YzAiOnsiY3JlYXRlIjozMDAwMDAwMDAwMDAsImRlbGV0ZSI6MzAwMDAwMDAwMDAwLCJ1cGRhdGUiOjEyMDAwMDAwMDAwMH19",
          "dependencies": [
            "module.network.aws_internet_gateway.gw",
            "module.network.aws_vpc.web_app_vpc"
          ]
        }
      ]
    },
    {
      "module": "module.network",
      "mode": "managed",
      "type": "aws_route_table_association",
      "name": "public_route_table_association",
      "provider": "provider[\"registry.terraform.io/hashicorp/aws\"]",
      "instances": [
        {
          "index_key": "us-east-2a",
          "schema_version": 0,
          "attributes": {
            "gateway_id": "",
            "id": "rtbassoc-0ec68775fe6a2ad6c",
            "route_table_id": "rtb-0a3d4d45a00ef3fb6",
            "subnet_id": "subnet-06a23b9c70a2dbb1f"
          },
          "sensitive_attributes": [],
          "private": "bnVsbA==",
          "dependencies": [
            "module.network.aws_internet_gateway.gw",
            "module.network.aws_route_table.public_route_table",
            "module.network.aws_subnet.public_subnets",
            "module.network.aws_vpc.web_app_vpc"
          ]
        },
        {
          "index_key": "us-east-2b",
          "schema_version": 0,
          "attributes": {
            "gateway_id": "",
            "id": "rtbassoc-06545d67c7f98c2aa",
            "route_table_id": "rtb-0a3d4d45a00ef3fb6",
            "subnet_id": "subnet-04f4f20674dc081cd"
          },
          "sensitive_attributes": [],
          "private": "bnVsbA==",
          "dependencies": [
            "module.network.aws_internet_gateway.gw",
            "module.network.aws_route_table.public_route_table",
            "module.network.aws_subnet.public_subnets",
            "module.network.aws_vpc.web_app_vpc"
          ]
        },
        {
          "index_key": "us-east-2c",
          "schema_version": 0,
          "attributes": {
            "gateway_id": "",
            "id": "rtbassoc-0808e7fc2bf138c63",
            "route_table_id": "rtb-0a3d4d45a00ef3fb6",
            "subnet_id": "subnet-08611ebffe3ca3eb3"
          },
          "sensitive_attributes": [],
          "private": "bnVsbA==",
          "dependencies": [
            "module.network.aws_internet_gateway.gw",
            "module.network.aws_route_table.public_route_table",
            "module.network.aws_subnet.public_subnets",
            "module.network.aws_vpc.web_app_vpc"
          ]
        }
      ]
    },
    {
      "module": "module.network",
      "mode": "managed",
      "type": "aws_subnet",
      "name": "public_subnets",
      "provider": "provider[\"registry.terraform.io/hashicorp/aws\"]",
      "instances": [
        {
          "index_key": "us-east-2a",
          "schema_version": 1,
          "attributes": {
            "arn": "arn:aws:ec2:us-east-2:299953772130:subnet/subnet-06a23b9c70a2dbb1f",
            "assign_ipv6_address_on_creation": false,
            "availability_zone": "us-east-2a",
            "availability_zone_id": "use2-az1",
            "cidr_block": "10.1.1.0/24",
            "customer_owned_ipv4_pool": "",
            "enable_dns64": false,
            "enable_resource_name_dns_a_record_on_launch": false,
            "enable_resource_name_dns_aaaa_record_on_launch": false,
            "id": "subnet-06a23b9c70a2dbb1f",
            "ipv6_cidr_block": "",
            "ipv6_cidr_block_association_id": "",
            "ipv6_native": false,
            "map_customer_owned_ip_on_launch": false,
            "map_public_ip_on_launch": false,
            "outpost_arn": "",
            "owner_id": "299953772130",
            "private_dns_hostname_type_on_launch": "ip-name",
            "tags": {
              "Environment": "example-webapp"
            },
            "tags_all": {
              "Environment": "example-webapp"
            },
            "timeouts": null,
            "vpc_id": "vpc-07426dd324950c008"
          },
          "sensitive_attributes": [],
          "private": "eyJlMmJmYjczMC1lY2FhLTExZTYtOGY4OC0zNDM2M2JjN2M0YzAiOnsiY3JlYXRlIjo2MDAwMDAwMDAwMDAsImRlbGV0ZSI6MTIwMDAwMDAwMDAwMH0sInNjaGVtYV92ZXJzaW9uIjoiMSJ9",
          "dependencies": [
            "module.network.aws_vpc.web_app_vpc"
          ]
        },
        {
          "index_key": "us-east-2b",
          "schema_version": 1,
          "attributes": {
            "arn": "arn:aws:ec2:us-east-2:299953772130:subnet/subnet-04f4f20674dc081cd",
            "assign_ipv6_address_on_creation": false,
            "availability_zone": "us-east-2b",
            "availability_zone_id": "use2-az2",
            "cidr_block": "10.1.2.0/24",
            "customer_owned_ipv4_pool": "",
            "enable_dns64": false,
            "enable_resource_name_dns_a_record_on_launch": false,
            "enable_resource_name_dns_aaaa_record_on_launch": false,
            "id": "subnet-04f4f20674dc081cd",
            "ipv6_cidr_block": "",
            "ipv6_cidr_block_association_id": "",
            "ipv6_native": false,
            "map_customer_owned_ip_on_launch": false,
            "map_public_ip_on_launch": false,
            "outpost_arn": "",
            "owner_id": "299953772130",
            "private_dns_hostname_type_on_launch": "ip-name",
            "tags": {
              "Environment": "example-webapp"
            },
            "tags_all": {
              "Environment": "example-webapp"
            },
            "timeouts": null,
            "vpc_id": "vpc-07426dd324950c008"
          },
          "sensitive_attributes": [],
          "private": "eyJlMmJmYjczMC1lY2FhLTExZTYtOGY4OC0zNDM2M2JjN2M0YzAiOnsiY3JlYXRlIjo2MDAwMDAwMDAwMDAsImRlbGV0ZSI6MTIwMDAwMDAwMDAwMH0sInNjaGVtYV92ZXJzaW9uIjoiMSJ9",
          "dependencies": [
            "module.network.aws_vpc.web_app_vpc"
          ]
        },
        {
          "index_key": "us-east-2c",
          "schema_version": 1,
          "attributes": {
            "arn": "arn:aws:ec2:us-east-2:299953772130:subnet/subnet-08611ebffe3ca3eb3",
            "assign_ipv6_address_on_creation": false,
            "availability_zone": "us-east-2c",
            "availability_zone_id": "use2-az3",
            "cidr_block": "10.1.3.0/24",
            "customer_owned_ipv4_pool": "",
            "enable_dns64": false,
            "enable_resource_name_dns_a_record_on_launch": false,
            "enable_resource_name_dns_aaaa_record_on_launch": false,
            "id": "subnet-08611ebffe3ca3eb3",
            "ipv6_cidr_block": "",
            "ipv6_cidr_block_association_id": "",
            "ipv6_native": false,
            "map_customer_owned_ip_on_launch": false,
            "map_public_ip_on_launch": false,
            "outpost_arn": "",
            "owner_id": "299953772130",
            "private_dns_hostname_type_on_launch": "ip-name",
            "tags": {
              "Environment": "example-webapp"
            },
            "tags_all": {
              "Environment": "example-webapp"
            },
            "timeouts": null,
            "vpc_id": "vpc-07426dd324950c008"
          },
          "sensitive_attributes": [],
          "private": "eyJlMmJmYjczMC1lY2FhLTExZTYtOGY4OC0zNDM2M2JjN2M0YzAiOnsiY3JlYXRlIjo2MDAwMDAwMDAwMDAsImRlbGV0ZSI6MTIwMDAwMDAwMDAwMH0sInNjaGVtYV92ZXJzaW9uIjoiMSJ9",
          "dependencies": [
            "module.network.aws_vpc.web_app_vpc"
          ]
        }
      ]
    },
    {
      "module": "module.network",
      "mode": "managed",
      "type": "aws_vpc",
      "name": "web_app_vpc",
      "provider": "provider[\"registry.terraform.io/hashicorp/aws\"]",
      "instances": [
        {
          "schema_version": 1,
          "attributes": {
            "arn": "arn:aws:ec2:us-east-2:299953772130:vpc/vpc-07426dd324950c008",
            "assign_generated_ipv6_cidr_block": false,
            "cidr_block": "10.1.0.0/16",
            "default_network_acl_id": "acl-044a2416165175f37",
            "default_route_table_id": "rtb-02338606702d1e09b",
            "default_security_group_id": "sg-088767ba947f90afc",
            "dhcp_options_id": "dopt-cc3faea7",
            "enable_classiclink": false,
            "enable_classiclink_dns_support": false,
            "enable_dns_hostnames": false,
            "enable_dns_support": true,
            "id": "vpc-07426dd324950c008",
            "instance_tenancy": "default",
            "ipv4_ipam_pool_id": null,
            "ipv4_netmask_length": null,
            "ipv6_association_id": "",
            "ipv6_cidr_block": "",
            "ipv6_cidr_block_network_border_group": "",
            "ipv6_ipam_pool_id": "",
            "ipv6_netmask_length": 0,
            "main_route_table_id": "rtb-02338606702d1e09b",
            "owner_id": "299953772130",
            "tags": {
              "Environment": "example-webapp"
            },
            "tags_all": {
              "Environment": "example-webapp"
            }
          },
          "sensitive_attributes": [],
          "private": "eyJzY2hlbWFfdmVyc2lvbiI6IjEifQ=="
        }
      ]
    }
  ]
}
